Microsoft Visual Studio Solution File, Format Version 12.00
# Visual Studio Version 17
VisualStudioVersion = 17.5.2.0
MinimumVisualStudioVersion = 10.0.40219.1
Project("{2150E333-8FDC-42A3-9474-1A3956D46DE8}") = "project-context", "project-context", "{6E5958AC-AC36-88A3-D892-EB53670769A3}"
EndProject
Project("{2150E333-8FDC-42A3-9474-1A3956D46DE8}") = "services", "services", "{4DC77C86-E568-0227-D29A-7A737C3F5A9B}"
EndProject
Project("{FAE04EC0-301F-11D3-BF4B-00C04F79EFBC}") = "DocxRenderer", "project-context\services\docx-renderer\DocxRenderer.csproj", "{81BE1990-E3C6-368F-833A-7AD3667CFECE}"
EndProject
Global
	GlobalSection(SolutionConfigurationPlatforms) = preSolution
		Debug|Any CPU = Debug|Any CPU
		Release|Any CPU = Release|Any CPU
	EndGlobalSection
	GlobalSection(ProjectConfigurationPlatforms) = postSolution
		{81BE1990-E3C6-368F-833A-7AD3667CFECE}.Debug|Any CPU.ActiveCfg = Debug|Any CPU
		{81BE1990-E3C6-368F-833A-7AD3667CFECE}.Debug|Any CPU.Build.0 = Debug|Any CPU
		{81BE1990-E3C6-368F-833A-7AD3667CFECE}.Release|Any CPU.ActiveCfg = Release|Any CPU
		{81BE1990-E3C6-368F-833A-7AD3667CFECE}.Release|Any CPU.Build.0 = Release|Any CPU
	EndGlobalSection
	GlobalSection(SolutionProperties) = preSolution
		HideSolutionNode = FALSE
	EndGlobalSection
	GlobalSection(NestedProjects) = preSolution
		{4DC77C86-E568-0227-D29A-7A737C3F5A9B} = {6E5958AC-AC36-88A3-D892-EB53670769A3}
		{81BE1990-E3C6-368F-833A-7AD3667CFECE} = {4DC77C86-E568-0227-D29A-7A737C3F5A9B}
	EndGlobalSection
	GlobalSection(ExtensibilityGlobals) = postSolution
		SolutionGuid = {2C9C4E96-7942-4D5D-B834-C1B0257DD830}
	EndGlobalSection
EndGlobal
